# @generated by Move, please check-in and do not edit manually.

[move]
version = 3
manifest_digest = "48FE53F16B2B1827AEC4671615E392F75E790EF49453AD838F9676AC84F81AB9"
deps_digest = "F8BBB0CCB2491CA29A3DF03D6F92277A4F3574266507ACD77214D37ECA3F3082"
dependencies = [
  { id = "Sui", name = "Sui" },
]

[[move.package]]
id = "MoveStdlib"
source = { git = "https://github.com/MystenLabs/sui.git", rev = "mainnet-v1.46.3", subdir = "crates/sui-framework/packages/move-stdlib" }

[[move.package]]
id = "Sui"
source = { git = "https://github.com/MystenLabs/sui.git", rev = "mainnet-v1.46.3", subdir = "crates/sui-framework/packages/sui-framework" }

dependencies = [
  { id = "MoveStdlib", name = "MoveStdlib" },
]

[move.toolchain-version]
compiler-version = "1.49.2"
edition = "2024"
flavor = "sui"


[env.testnet]
chain-id = "4c78adac"
original-published-id = "0xaaddbe04ba595ae9d6c33fba5b415bccb1f1dd93877fbb34701666f995a208ca"
latest-published-id = "0xaaddbe04ba595ae9d6c33fba5b415bccb1f1dd93877fbb34701666f995a208ca"
published-version = "1"

[env.mainnet]
chain-id = "35834a8a"
original-published-id = "0x611b595b92ca94e5d49fb7486214571b817bb925efa2c3cf85612fa350de5ce5"
latest-published-id = "0x83fac5c5b9e9b085df6afa83b7aeb5c951fc40f343f13c65bbc493c328cfc502"
published-version = "2"
